
Microsoft Visual Studio Solution File, Format Version 12.00
# Visual Studio Version 16
VisualStudioVersion = 16.0.29806.167
MinimumVisualStudioVersion = 10.0.40219.1
Project("{FAE04EC0-301F-11D3-BF4B-00C04F79EFBC}") = "Backend", "Backend\Backend.csproj", "{FEA49590-64AA-459D-8C88-B37630EBA792}"
EndProject
Project("{FAE04EC0-301F-11D3-BF4B-00C04F79EFBC}") = "Data", "Data\Data.csproj", "{5CD38E8A-4FEA-4A7B-8830-3613622D04C6}"
EndProject
Global
	GlobalSection(SolutionConfigurationPlatforms) = preSolution
		Debug|Any CPU = Debug|Any CPU
		Release|Any CPU = Release|Any CPU
	EndGlobalSection
	GlobalSection(ProjectConfigurationPlatforms) = postSolution
		{FEA49590-64AA-459D-8C88-B37630EBA792}.Debug|Any CPU.ActiveCfg = Debug|Any CPU
		{FEA49590-64AA-459D-8C88-B37630EBA792}.Debug|Any CPU.Build.0 = Debug|Any CPU
		{FEA49590-64AA-459D-8C88-B37630EBA792}.Release|Any CPU.ActiveCfg = Release|Any CPU
		{FEA49590-64AA-459D-8C88-B37630EBA792}.Release|Any CPU.Build.0 = Release|Any CPU
		{5CD38E8A-4FEA-4A7B-8830-3613622D04C6}.Debug|Any CPU.ActiveCfg = Debug|Any CPU
		{5CD38E8A-4FEA-4A7B-8830-3613622D04C6}.Debug|Any CPU.Build.0 = Debug|Any CPU
		{5CD38E8A-4FEA-4A7B-8830-3613622D04C6}.Release|Any CPU.ActiveCfg = Release|Any CPU
		{5CD38E8A-4FEA-4A7B-8830-3613622D04C6}.Release|Any CPU.Build.0 = Release|Any CPU
	EndGlobalSection
	GlobalSection(SolutionProperties) = preSolution
		HideSolutionNode = FALSE
	EndGlobalSection
	GlobalSection(ExtensibilityGlobals) = postSolution
		SolutionGuid = {1845072D-AB8F-4709-863B-46F02868784C}
	EndGlobalSection
EndGlobal
